
Microsoft Visual Studio Solution File, Format Version 11.00
# Visual Studio 2010
Project("{FAE04EC0-301F-11D3-BF4B-00C04F79EFBC}") = "Avoid Traffic", "Assembly-CSharp.csproj", "{6C2C2098-46F6-5A81-CD68-4CA282D0F084}"
EndProject
Global
	GlobalSection(SolutionConfigurationPlatforms) = preSolution
		Debug|Any CPU = Debug|Any CPU
		Release|Any CPU = Release|Any CPU
	EndGlobalSection
	GlobalSection(ProjectConfigurationPlatforms) = postSolution
		{6C2C2098-46F6-5A81-CD68-4CA282D0F084}.Debug|Any CPU.ActiveCfg = Debug|Any CPU
		{6C2C2098-46F6-5A81-CD68-4CA282D0F084}.Debug|Any CPU.Build.0 = Debug|Any CPU
		{6C2C2098-46F6-5A81-CD68-4CA282D0F084}.Release|Any CPU.ActiveCfg = Release|Any CPU
		{6C2C2098-46F6-5A81-CD68-4CA282D0F084}.Release|Any CPU.Build.0 = Release|Any CPU
	EndGlobalSection
	GlobalSection(SolutionProperties) = preSolution
		HideSolutionNode = FALSE
	EndGlobalSection
	GlobalSection(MonoDevelopProperties) = preSolution
		StartupItem = Assembly-CSharp.csproj
	EndGlobalSection
EndGlobal
